// !$*UTF8*$!
{
	archiveVersion = 1;
	classes = {
	};
	objectVersion = 56;
	objects = {

/* Begin PBXBuildFile section */
		334F74F02919E93A0014CAEB /* ExternalDisplayTestApp.swift in Sources */ = {isa = PBXBuildFile; fileRef = 334F74EF2919E93A0014CAEB /* ExternalDisplayTestApp.swift */; };
		334F74F22919E93A0014CAEB /* ContentView.swift in Sources */ = {isa = PBXBuildFile; fileRef = 334F74F12919E93A0014CAEB /* ContentView.swift */; };
		334F74F42919E93B0014CAEB /* Assets.xcassets in Resources */ = {isa = PBXBuildFile; fileRef = 334F74F32919E93B0014CAEB /* Assets.xcassets */; };
		334F74F82919E93B0014CAEB /* Preview Assets.xcassets in Resources */ = {isa = PBXBuildFile; fileRef = 334F74F72919E93B0014CAEB /* Preview Assets.xcassets */; };
		334F75022919E93B0014CAEB /* ExternalDisplayTestTests.swift in Sources */ = {isa = PBXBuildFile; fileRef = 334F75012919E93B0014CAEB /* ExternalDisplayTestTests.swift */; };
		334F750C2919E93B0014CAEB /* ExternalDisplayTestUITests.swift in Sources */ = {isa = PBXBuildFile; fileRef = 334F750B2919E93B0014CAEB /* ExternalDisplayTestUITests.swift */; };
		334F750E2919E93B0014CAEB /* ExternalDisplayTestUITestsLaunchTests.swift in Sources */ = {isa = PBXBuildFile; fileRef = 334F750D2919E93B0014CAEB /* ExternalDisplayTestUITestsLaunchTests.swift */; };
/* End PBXBuildFile section */

/* Begin PBXContainerItemProxy section */
		334F74FE2919E93B0014CAEB /* PBXContainerItemProxy */ = {
			isa = PBXContainerItemProxy;
			containerPortal = 334F74E42919E93A0014CAEB /* Project object */;
			proxyType = 1;
			remoteGlobalIDString = 334F74EB2919E93A0014CAEB;
			remoteInfo = ExternalDisplayTest;
		};
		334F75082919E93B0014CAEB /* PBXContainerItemProxy */ = {
			isa = PBXContainerItemProxy;
			containerPortal = 334F74E42919E93A0014CAEB /* Project object */;
			proxyType = 1;
			remoteGlobalIDString = 334F74EB2919E93A0014CAEB;
			remoteInfo = ExternalDisplayTest;
		};
/* End PBXContainerItemProxy section */

/* Begin PBXFileReference section */
		334F74EC2919E93A0014CAEB /* ExternalDisplayTest.app */ = {isa = PBXFileReference; explicitFileType = wrapper.application; includeInIndex = 0; path = ExternalDisplayTest.app; sourceTree = BUILT_PRODUCTS_DIR; };
		334F74EF2919E93A0014CAEB /* ExternalDisplayTestApp.swift */ = {isa = PBXFileReference; lastKnownFileType = sourcecode.swift; path = ExternalDisplayTestApp.swift; sourceTree = "<group>"; };
		334F74F12919E93A0014CAEB /* ContentView.swift */ = {isa = PBXFileReference; lastKnownFileType = sourcecode.swift; path = ContentView.swift; sourceTree = "<group>"; };
		334F74F32919E93B0014CAEB /* Assets.xcassets */ = {isa = PBXFileReference; lastKnownFileType = folder.assetcatalog; path = Assets.xcassets; sourceTree = "<group>"; };
		334F74F52919E93B0014CAEB /* ExternalDisplayTest.entitlements */ = {isa = PBXFileReference; lastKnownFileType = text.plist.entitlements; path = ExternalDisplayTest.entitlements; sourceTree = "<group>"; };
		334F74F72919E93B0014CAEB /* Preview Assets.xcassets */ = {isa = PBXFileReference; lastKnownFileType = folder.assetcatalog; path = "Preview Assets.xcassets"; sourceTree = "<group>"; };
		334F74FD2919E93B0014CAEB /* ExternalDisplayTestTests.xctest */ = {isa = PBXFileReference; explicitFileType = wrapper.cfbundle; includeInIndex = 0; path = ExternalDisplayTestTests.xctest; sourceTree = BUILT_PRODUCTS_DIR; };
		334F75012919E93B0014CAEB /* ExternalDisplayTestTests.swift */ = {isa = PBXFileReference; lastKnownFileType = sourcecode.swift; path = ExternalDisplayTestTests.swift; sourceTree = "<group>"; };
		334F75072919E93B0014CAEB /* ExternalDisplayTestUITests.xctest */ = {isa = PBXFileReference; explicitFileType = wrapper.cfbundle; includeInIndex = 0; path = ExternalDisplayTestUITests.xctest; sourceTree = BUILT_PRODUCTS_DIR; };
		334F750B2919E93B0014CAEB /* ExternalDisplayTestUITests.swift */ = {isa = PBXFileReference; lastKnownFileType = sourcecode.swift; path = ExternalDisplayTestUITests.swift; sourceTree = "<group>"; };
		334F750D2919E93B0014CAEB /* ExternalDisplayTestUITestsLaunchTests.swift */ = {isa = PBXFileReference; lastKnownFileType = sourcecode.swift; path = ExternalDisplayTestUITestsLaunchTests.swift; sourceTree = "<group>"; };
/* End PBXFileReference section */

/* Begin PBXFrameworksBuildPhase section */
		334F74E92919E93A0014CAEB /* Frameworks */ = {
			isa = PBXFrameworksBuildPhase;
			buildActionMask = 2147483647;
			files = (
			);
			runOnlyForDeploymentPostprocessing = 0;
		};
		334F74FA2919E93B0014CAEB /* Frameworks */ = {
			isa = PBXFrameworksBuildPhase;
			buildActionMask = 2147483647;
			files = (
			);
			runOnlyForDeploymentPostprocessing = 0;
		};
		334F75042919E93B0014CAEB /* Frameworks */ = {
			isa = PBXFrameworksBuildPhase;
			buildActionMask = 2147483647;
			files = (
			);
			runOnlyForDeploymentPostprocessing = 0;
		};
/* End PBXFrameworksBuildPhase section */

/* Begin PBXGroup section */
		334F74E32919E93A0014CAEB = {
			isa = PBXGroup;
			children = (
				334F74EE2919E93A0014CAEB /* ExternalDisplayTest */,
				334F75002919E93B0014CAEB /* ExternalDisplayTestTests */,
				334F750A2919E93B0014CAEB /* ExternalDisplayTestUITests */,
				334F74ED2919E93A0014CAEB /* Products */,
			);
			sourceTree = "<group>";
		};
		334F74ED2919E93A0014CAEB /* Products */ = {
			isa = PBXGroup;
			children = (
				334F74EC2919E93A0014CAEB /* ExternalDisplayTest.app */,
				334F74FD2919E93B0014CAEB /* ExternalDisplayTestTests.xctest */,
				334F75072919E93B0014CAEB /* ExternalDisplayTestUITests.xctest */,
			);
			name = Products;
			sourceTree = "<group>";
		};
		334F74EE2919E93A0014CAEB /* ExternalDisplayTest */ = {
			isa = PBXGroup;
			children = (
				334F74EF2919E93A0014CAEB /* ExternalDisplayTestApp.swift */,
				334F74F12919E93A0014CAEB /* ContentView.swift */,
				334F74F32919E93B0014CAEB /* Assets.xcassets */,
				334F74F52919E93B0014CAEB /* ExternalDisplayTest.entitlements */,
				334F74F62919E93B0014CAEB /* Preview Content */,
			);
			path = ExternalDisplayTest;
			sourceTree = "<group>";
		};
		334F74F62919E93B0014CAEB /* Preview Content */ = {
			isa = PBXGroup;
			children = (
				334F74F72919E93B0014CAEB /* Preview Assets.xcassets */,
			);
			path = "Preview Content";
			sourceTree = "<group>";
		};
		334F75002919E93B0014CAEB /* ExternalDisplayTestTests */ = {
			isa = PBXGroup;
			children = (
				334F75012919E93B0014CAEB /* ExternalDisplayTestTests.swift */,
			);
			path = ExternalDisplayTestTests;
			sourceTree = "<group>";
		};
		334F750A2919E93B0014CAEB /* ExternalDisplayTestUITests */ = {
			isa = PBXGroup;
			children = (
				334F750B2919E93B0014CAEB /* ExternalDisplayTestUITests.swift */,
				334F750D2919E93B0014CAEB /* ExternalDisplayTestUITestsLaunchTests.swift */,
			);
			path = ExternalDisplayTestUITests;
			sourceTree = "<group>";
		};
/* End PBXGroup section */

/* Begin PBXNativeTarget section */
		334F74EB2919E93A0014CAEB /* ExternalDisplayTest */ = {
			isa = PBXNativeTarget;
			buildConfigurationList = 334F75112919E93B0014CAEB /* Build configuration list for PBXNativeTarget "ExternalDisplayTest" */;
			buildPhases = (
				334F74E82919E93A0014CAEB /* Sources */,
				334F74E92919E93A0014CAEB /* Frameworks */,
				334F74EA2919E93A0014CAEB /* Resources */,
			);
			buildRules = (
			);
			dependencies = (
			);
			name = ExternalDisplayTest;
			productName = ExternalDisplayTest;
			productReference = 334F74EC2919E93A0014CAEB /* ExternalDisplayTest.app */;
			productType = "com.apple.product-type.application";
		};
		334F74FC2919E93B0014CAEB /* ExternalDisplayTestTests */ = {
			isa = PBXNativeTarget;
			buildConfigurationList = 334F75142919E93B0014CAEB /* Build configuration list for PBXNativeTarget "ExternalDisplayTestTests" */;
			buildPhases = (
				334F74F92919E93B0014CAEB /* Sources */,
				334F74FA2919E93B0014CAEB /* Frameworks */,
				334F74FB2919E93B0014CAEB /* Resources */,
			);
			buildRules = (
			);
			dependencies = (
				334F74FF2919E93B0014CAEB /* PBXTargetDependency */,
			);
			name = ExternalDisplayTestTests;
			productName = ExternalDisplayTestTests;
			productReference = 334F74FD2919E93B0014CAEB /* ExternalDisplayTestTests.xctest */;
			productType = "com.apple.product-type.bundle.unit-test";
		};
		334F75062919E93B0014CAEB /* ExternalDisplayTestUITests */ = {
			isa = PBXNativeTarget;
			buildConfigurationList = 334F75172919E93B0014CAEB /* Build configuration list for PBXNativeTarget "ExternalDisplayTestUITests" */;
			buildPhases = (
				334F75032919E93B0014CAEB /* Sources */,
				334F75042919E93B0014CAEB /* Frameworks */,
				334F75052919E93B0014CAEB /* Resources */,
			);
			buildRules = (
			);
			dependencies = (
				334F75092919E93B0014CAEB /* PBXTargetDependency */,
			);
			name = ExternalDisplayTestUITests;
			productName = ExternalDisplayTestUITests;
			productReference = 334F75072919E93B0014CAEB /* ExternalDisplayTestUITests.xctest */;
			productType = "com.apple.product-type.bundle.ui-testing";
		};
/* End PBXNativeTarget section */

/* Begin PBXProject section */
		334F74E42919E93A0014CAEB /* Project object */ = {
			isa = PBXProject;
			attributes = {
				BuildIndependentTargetsInParallel = 1;
				LastSwiftUpdateCheck = 1410;
				LastUpgradeCheck = 1410;
				TargetAttributes = {
					334F74EB2919E93A0014CAEB = {
						CreatedOnToolsVersion = 14.1;
					};
					334F74FC2919E93B0014CAEB = {
						CreatedOnToolsVersion = 14.1;
						TestTargetID = 334F74EB2919E93A0014CAEB;
					};
					334F75062919E93B0014CAEB = {
						CreatedOnToolsVersion = 14.1;
						TestTargetID = 334F74EB2919E93A0014CAEB;
					};
				};
			};
			buildConfigurationList = 334F74E72919E93A0014CAEB /* Build configuration list for PBXProject "ExternalDisplayTest" */;
			compatibilityVersion = "Xcode 14.0";
			developmentRegion = en;
			hasScannedForEncodings = 0;
			knownRegions = (
				en,
				Base,
			);
			mainGroup = 334F74E32919E93A0014CAEB;
			productRefGroup = 334F74ED2919E93A0014CAEB /* Products */;
			projectDirPath = "";
			projectRoot = "";
			targets = (
				334F74EB2919E93A0014CAEB /* ExternalDisplayTest */,
				334F74FC2919E93B0014CAEB /* ExternalDisplayTestTests */,
				334F75062919E93B0014CAEB /* ExternalDisplayTestUITests */,
			);
		};
/* End PBXProject section */

/* Begin PBXResourcesBuildPhase section */
		334F74EA2919E93A0014CAEB /* Resources */ = {
			isa = PBXResourcesBuildPhase;
			buildActionMask = 2147483647;
			files = (
				334F74F82919E93B0014CAEB /* Preview Assets.xcassets in Resources */,
				334F74F42919E93B0014CAEB /* Assets.xcassets in Resources */,
			);
			runOnlyForDeploymentPostprocessing = 0;
		};
		334F74FB2919E93B0014CAEB /* Resources */ = {
			isa = PBXResourcesBuildPhase;
			buildActionMask = 2147483647;
			files = (
			);
			runOnlyForDeploymentPostprocessing = 0;
		};
		334F75052919E93B0014CAEB /* Resources */ = {
			isa = PBXResourcesBuildPhase;
			buildActionMask = 2147483647;
			files = (
			);
			runOnlyForDeploymentPostprocessing = 0;
		};
/* End PBXResourcesBuildPhase section */

/* Begin PBXSourcesBuildPhase section */
		334F74E82919E93A0014CAEB /* Sources */ = {
			isa = PBXSourcesBuildPhase;
			buildActionMask = 2147483647;
			files = (
				334F74F22919E93A0014CAEB /* ContentView.swift in Sources */,
				334F74F02919E93A0014CAEB /* ExternalDisplayTestApp.swift in Sources */,
			);
			runOnlyForDeploymentPostprocessing = 0;
		};
		334F74F92919E93B0014CAEB /* Sources */ = {
			isa = PBXSourcesBuildPhase;
			buildActionMask = 2147483647;
			files = (
				334F75022919E93B0014CAEB /* ExternalDisplayTestTests.swift in Sources */,
			);
			runOnlyForDeploymentPostprocessing = 0;
		};
		334F75032919E93B0014CAEB /* Sources */ = {
			isa = PBXSourcesBuildPhase;
			buildActionMask = 2147483647;
			files = (
				334F750E2919E93B0014CAEB /* ExternalDisplayTestUITestsLaunchTests.swift in Sources */,
				334F750C2919E93B0014CAEB /* ExternalDisplayTestUITests.swift in Sources */,
			);
			runOnlyForDeploymentPostprocessing = 0;
		};
/* End PBXSourcesBuildPhase section */

/* Begin PBXTargetDependency section */
		334F74FF2919E93B0014CAEB /* PBXTargetDependency */ = {
			isa = PBXTargetDependency;
			target = 334F74EB2919E93A0014CAEB /* ExternalDisplayTest */;
			targetProxy = 334F74FE2919E93B0014CAEB /* PBXContainerItemProxy */;
		};
		334F75092919E93B0014CAEB /* PBXTargetDependency */ = {
			isa = PBXTargetDependency;
			target = 334F74EB2919E93A0014CAEB /* ExternalDisplayTest */;
			targetProxy = 334F75082919E93B0014CAEB /* PBXContainerItemProxy */;
		};
/* End PBXTargetDependency section */

/* Begin XCBuildConfiguration section */
		334F750F2919E93B0014CAEB /* Debug */ = {
			isa = XCBuildConfiguration;
			buildSettings = {
				ALWAYS_SEARCH_USER_PATHS = NO;
				CLANG_ANALYZER_NONNULL = YES;
				CLANG_ANALYZER_NUMBER_OBJECT_CONVERSION = YES_AGGRESSIVE;
				CLANG_CXX_LANGUAGE_STANDARD = "gnu++20";
				CLANG_ENABLE_MODULES = YES;
				CLANG_ENABLE_OBJC_ARC = YES;
				CLANG_ENABLE_OBJC_WEAK = YES;
				CLANG_WARN_BLOCK_CAPTURE_AUTORELEASING = YES;
				CLANG_WARN_BOOL_CONVERSION = YES;
				CLANG_WARN_COMMA = YES;
				CLANG_WARN_CONSTANT_CONVERSION = YES;
				CLANG_WARN_DEPRECATED_OBJC_IMPLEMENTATIONS = YES;
				CLANG_WARN_DIRECT_OBJC_ISA_USAGE = YES_ERROR;
				CLANG_WARN_DOCUMENTATION_COMMENTS = YES;
				CLANG_WARN_EMPTY_BODY = YES;
				CLANG_WARN_ENUM_CONVERSION = YES;
				CLANG_WARN_INFINITE_RECURSION = YES;
				CLANG_WARN_INT_CONVERSION = YES;
				CLANG_WARN_NON_LITERAL_NULL_CONVERSION = YES;
				CLANG_WARN_OBJC_IMPLICIT_RETAIN_SELF = YES;
				CLANG_WARN_OBJC_LITERAL_CONVERSION = YES;
				CLANG_WARN_OBJC_ROOT_CLASS = YES_ERROR;
				CLANG_WARN_QUOTED_INCLUDE_IN_FRAMEWORK_HEADER = YES;
				CLANG_WARN_RANGE_LOOP_ANALYSIS = YES;
				CLANG_WARN_STRICT_PROTOTYPES = YES;
				CLANG_WARN_SUSPICIOUS_MOVE = YES;
				CLANG_WARN_UNGUARDED_AVAILABILITY = YES_AGGRESSIVE;
				CLANG_WARN_UNREACHABLE_CODE = YES;
				CLANG_WARN__DUPLICATE_METHOD_MATCH = YES;
				COPY_PHASE_STRIP = NO;
				DEBUG_INFORMATION_FORMAT = dwarf;
				ENABLE_STRICT_OBJC_MSGSEND = YES;
				ENABLE_TESTABILITY = YES;
				GCC_C_LANGUAGE_STANDARD = gnu11;
				GCC_DYNAMIC_NO_PIC = NO;
				GCC_NO_COMMON_BLOCKS = YES;
				GCC_OPTIMIZATION_LEVEL = 0;
				GCC_PREPROCESSOR_DEFINITIONS = (
					"DEBUG=1",
					"$(inherited)",
				);
				GCC_WARN_64_TO_32_BIT_CONVERSION = YES;
				GCC_WARN_ABOUT_RETURN_TYPE = YES_ERROR;
				GCC_WARN_UNDECLARED_SELECTOR = YES;
				GCC_WARN_UNINITIALIZED_AUTOS = YES_AGGRESSIVE;
				GCC_WARN_UNUSED_FUNCTION = YES;
				GCC_WARN_UNUSED_VARIABLE = YES;
				MTL_ENABLE_DEBUG_INFO = INCLUDE_SOURCE;
				MTL_FAST_MATH = YES;
				ONLY_ACTIVE_ARCH = YES;
				SWIFT_ACTIVE_COMPILATION_CONDITIONS = DEBUG;
				SWIFT_OPTIMIZATION_LEVEL = "-Onone";
			};
			name = Debug;
		};
		334F75102919E93B0014CAEB /* Release */ = {
			isa = XCBuildConfiguration;
			buildSettings = {
				ALWAYS_SEARCH_USER_PATHS = NO;
				CLANG_ANALYZER_NONNULL = YES;
				CLANG_ANALYZER_NUMBER_OBJECT_CONVERSION = YES_AGGRESSIVE;
				CLANG_CXX_LANGUAGE_STANDARD = "gnu++20";
				CLANG_ENABLE_MODULES = YES;
				CLANG_ENABLE_OBJC_ARC = YES;
				CLANG_ENABLE_OBJC_WEAK = YES;
				CLANG_WARN_BLOCK_CAPTURE_AUTORELEASING = YES;
				CLANG_WARN_BOOL_CONVERSION = YES;
				CLANG_WARN_COMMA = YES;
				CLANG_WARN_CONSTANT_CONVERSION = YES;
				CLANG_WARN_DEPRECATED_OBJC_IMPLEMENTATIONS = YES;
				CLANG_WARN_DIRECT_OBJC_ISA_USAGE = YES_ERROR;
				CLANG_WARN_DOCUMENTATION_COMMENTS = YES;
				CLANG_WARN_EMPTY_BODY = YES;
				CLANG_WARN_ENUM_CONVERSION = YES;
				CLANG_WARN_INFINITE_RECURSION = YES;
				CLANG_WARN_INT_CONVERSION = YES;
				CLANG_WARN_NON_LITERAL_NULL_CONVERSION = YES;
				CLANG_WARN_OBJC_IMPLICIT_RETAIN_SELF = YES;
				CLANG_WARN_OBJC_LITERAL_CONVERSION = YES;
				CLANG_WARN_OBJC_ROOT_CLASS = YES_ERROR;
				CLANG_WARN_QUOTED_INCLUDE_IN_FRAMEWORK_HEADER = YES;
				CLANG_WARN_RANGE_LOOP_ANALYSIS = YES;
				CLANG_WARN_STRICT_PROTOTYPES = YES;
				CLANG_WARN_SUSPICIOUS_MOVE = YES;
				CLANG_WARN_UNGUARDED_AVAILABILITY = YES_AGGRESSIVE;
				CLANG_WARN_UNREACHABLE_CODE = YES;
				CLANG_WARN__DUPLICATE_METHOD_MATCH = YES;
				COPY_PHASE_STRIP = NO;
				DEBUG_INFORMATION_FORMAT = "dwarf-with-dsym";
				ENABLE_NS_ASSERTIONS = NO;
				ENABLE_STRICT_OBJC_MSGSEND = YES;
				GCC_C_LANGUAGE_STANDARD = gnu11;
				GCC_NO_COMMON_BLOCKS = YES;
				GCC_WARN_64_TO_32_BIT_CONVERSION = YES;
				GCC_WARN_ABOUT_RETURN_TYPE = YES_ERROR;
				GCC_WARN_UNDECLARED_SELECTOR = YES;
				GCC_WARN_UNINITIALIZED_AUTOS = YES_AGGRESSIVE;
				GCC_WARN_UNUSED_FUNCTION = YES;
				GCC_WARN_UNUSED_VARIABLE = YES;
				MTL_ENABLE_DEBUG_INFO = NO;
				MTL_FAST_MATH = YES;
				SWIFT_COMPILATION_MODE = wholemodule;
				SWIFT_OPTIMIZATION_LEVEL = "-O";
			};
			name = Release;
		};
		334F75122919E93B0014CAEB /* Debug */ = {
			isa = XCBuildConfiguration;
			buildSettings = {
				ASSETCATALOG_COMPILER_APPICON_NAME = AppIcon;
				ASSETCATALOG_COMPILER_GLOBAL_ACCENT_COLOR_NAME = AccentColor;
				CODE_SIGN_ENTITLEMENTS = ExternalDisplayTest/ExternalDisplayTest.entitlements;
				CODE_SIGN_STYLE = Automatic;
				CURRENT_PROJECT_VERSION = 1;
				DEVELOPMENT_ASSET_PATHS = "\"ExternalDisplayTest/Preview Content\"";
				DEVELOPMENT_TEAM = SV32X552V5;
				ENABLE_HARDENED_RUNTIME = YES;
				ENABLE_PREVIEWS = YES;
				GENERATE_INFOPLIST_FILE = YES;
				"INFOPLIST_KEY_UIApplicationSceneManifest_Generation[sdk=iphoneos*]" = YES;
				"INFOPLIST_KEY_UIApplicationSceneManifest_Generation[sdk=iphonesimulator*]" = YES;
				"INFOPLIST_KEY_UIApplicationSupportsIndirectInputEvents[sdk=iphoneos*]" = YES;
				"INFOPLIST_KEY_UIApplicationSupportsIndirectInputEvents[sdk=iphonesimulator*]" = YES;
				"INFOPLIST_KEY_UILaunchScreen_Generation[sdk=iphoneos*]" = YES;
				"INFOPLIST_KEY_UILaunchScreen_Generation[sdk=iphonesimulator*]" = YES;
				"INFOPLIST_KEY_UIStatusBarStyle[sdk=iphoneos*]" = UIStatusBarStyleDefault;
				"INFOPLIST_KEY_UIStatusBarStyle[sdk=iphonesimulator*]" = UIStatusBarStyleDefault;
				INFOPLIST_KEY_UISupportedInterfaceOrientations_iPad = "UIInterfaceOrientationPortrait UIInterfaceOrientationPortraitUpsideDown UIInterfaceOrientationLandscapeLeft UIInterfaceOrientationLandscapeRight";
				INFOPLIST_KEY_UISupportedInterfaceOrientations_iPhone = "UIInterfaceOrientationPortrait UIInterfaceOrientationLandscapeLeft UIInterfaceOrientationLandscapeRight";
				IPHONEOS_DEPLOYMENT_TARGET = 16.1;
				LD_RUNPATH_SEARCH_PATHS = "@executable_path/Frameworks";
				"LD_RUNPATH_SEARCH_PATHS[sdk=macosx*]" = "@executable_path/../Frameworks";
				MACOSX_DEPLOYMENT_TARGET = 12.6;
				MARKETING_VERSION = 1.0;
				PRODUCT_BUNDLE_IDENTIFIER = fit.katalyst.ExternalDisplayTest;
				PRODUCT_NAME = "$(TARGET_NAME)";
				SDKROOT = auto;
				SUPPORTED_PLATFORMS = "iphoneos iphonesimulator macosx";
				SWIFT_EMIT_LOC_STRINGS = YES;
				SWIFT_VERSION = 5.0;
				TARGETED_DEVICE_FAMILY = "1,2";
			};
			name = Debug;
		};
		334F75132919E93B0014CAEB /* Release */ = {
			isa = XCBuildConfiguration;
			buildSettings = {
				ASSETCATALOG_COMPILER_APPICON_NAME = AppIcon;
				ASSETCATALOG_COMPILER_GLOBAL_ACCENT_COLOR_NAME = AccentColor;
				CODE_SIGN_ENTITLEMENTS = ExternalDisplayTest/ExternalDisplayTest.entitlements;
				CODE_SIGN_STYLE = Automatic;
				CURRENT_PROJECT_VERSION = 1;
				DEVELOPMENT_ASSET_PATHS = "\"ExternalDisplayTest/Preview Content\"";
				DEVELOPMENT_TEAM = SV32X552V5;
				ENABLE_HARDENED_RUNTIME = YES;
				ENABLE_PREVIEWS = YES;
				GENERATE_INFOPLIST_FILE = YES;
				"INFOPLIST_KEY_UIApplicationSceneManifest_Generation[sdk=iphoneos*]" = YES;
				"INFOPLIST_KEY_UIApplicationSceneManifest_Generation[sdk=iphonesimulator*]" = YES;
				"INFOPLIST_KEY_UIApplicationSupportsIndirectInputEvents[sdk=iphoneos*]" = YES;
				"INFOPLIST_KEY_UIApplicationSupportsIndirectInputEvents[sdk=iphonesimulator*]" = YES;
				"INFOPLIST_KEY_UILaunchScreen_Generation[sdk=iphoneos*]" = YES;
				"INFOPLIST_KEY_UILaunchScreen_Generation[sdk=iphonesimulator*]" = YES;
				"INFOPLIST_KEY_UIStatusBarStyle[sdk=iphoneos*]" = UIStatusBarStyleDefault;
				"INFOPLIST_KEY_UIStatusBarStyle[sdk=iphonesimulator*]" = UIStatusBarStyleDefault;
				INFOPLIST_KEY_UISupportedInterfaceOrientations_iPad = "UIInterfaceOrientationPortrait UIInterfaceOrientationPortraitUpsideDown UIInterfaceOrientationLandscapeLeft UIInterfaceOrientationLandscapeRight";
				INFOPLIST_KEY_UISupportedInterfaceOrientations_iPhone = "UIInterfaceOrientationPortrait UIInterfaceOrientationLandscapeLeft UIInterfaceOrientationLandscapeRight";
				IPHONEOS_DEPLOYMENT_TARGET = 16.1;
				LD_RUNPATH_SEARCH_PATHS = "@executable_path/Frameworks";
				"LD_RUNPATH_SEARCH_PATHS[sdk=macosx*]" = "@executable_path/../Frameworks";
				MACOSX_DEPLOYMENT_TARGET = 12.6;
				MARKETING_VERSION = 1.0;
				PRODUCT_BUNDLE_IDENTIFIER = fit.katalyst.ExternalDisplayTest;
				PRODUCT_NAME = "$(TARGET_NAME)";
				SDKROOT = auto;
				SUPPORTED_PLATFORMS = "iphoneos iphonesimulator macosx";
				SWIFT_EMIT_LOC_STRINGS = YES;
				SWIFT_VERSION = 5.0;
				TARGETED_DEVICE_FAMILY = "1,2";
			};
			name = Release;
		};
		334F75152919E93B0014CAEB /* Debug */ = {
			isa = XCBuildConfiguration;
			buildSettings = {
				ALWAYS_EMBED_SWIFT_STANDARD_LIBRARIES = YES;
				BUNDLE_LOADER = "$(TEST_HOST)";
				CODE_SIGN_STYLE = Automatic;
				CURRENT_PROJECT_VERSION = 1;
				DEVELOPMENT_TEAM = SV32X552V5;
				GENERATE_INFOPLIST_FILE = YES;
				IPHONEOS_DEPLOYMENT_TARGET = 16.1;
				MACOSX_DEPLOYMENT_TARGET = 12.6;
				MARKETING_VERSION = 1.0;
				PRODUCT_BUNDLE_IDENTIFIER = fit.katalyst.ExternalDisplayTestTests;
				PRODUCT_NAME = "$(TARGET_NAME)";
				SDKROOT = auto;
				SUPPORTED_PLATFORMS = "iphoneos iphonesimulator macosx";
				SWIFT_EMIT_LOC_STRINGS = NO;
				SWIFT_VERSION = 5.0;
				TARGETED_DEVICE_FAMILY = "1,2";
				TEST_HOST = "$(BUILT_PRODUCTS_DIR)/ExternalDisplayTest.app/$(BUNDLE_EXECUTABLE_FOLDER_PATH)/ExternalDisplayTest";
			};
			name = Debug;
		};
		334F75162919E93B0014CAEB /* Release */ = {
			isa = XCBuildConfiguration;
			buildSettings = {
				ALWAYS_EMBED_SWIFT_STANDARD_LIBRARIES = YES;
				BUNDLE_LOADER = "$(TEST_HOST)";
				CODE_SIGN_STYLE = Automatic;
				CURRENT_PROJECT_VERSION = 1;
				DEVELOPMENT_TEAM = SV32X552V5;
				GENERATE_INFOPLIST_FILE = YES;
				IPHONEOS_DEPLOYMENT_TARGET = 16.1;
				MACOSX_DEPLOYMENT_TARGET = 12.6;
				MARKETING_VERSION = 1.0;
				PRODUCT_BUNDLE_IDENTIFIER = fit.katalyst.ExternalDisplayTestTests;
				PRODUCT_NAME = "$(TARGET_NAME)";
				SDKROOT = auto;
				SUPPORTED_PLATFORMS = "iphoneos iphonesimulator macosx";
				SWIFT_EMIT_LOC_STRINGS = NO;
				SWIFT_VERSION = 5.0;
				TARGETED_DEVICE_FAMILY = "1,2";
				TEST_HOST = "$(BUILT_PRODUCTS_DIR)/ExternalDisplayTest.app/$(BUNDLE_EXECUTABLE_FOLDER_PATH)/ExternalDisplayTest";
			};
			name = Release;
		};
		334F75182919E93B0014CAEB /* Debug */ = {
			isa = XCBuildConfiguration;
			buildSettings = {
				ALWAYS_EMBED_SWIFT_STANDARD_LIBRARIES = YES;
				CODE_SIGN_STYLE = Automatic;
				CURRENT_PROJECT_VERSION = 1;
				DEVELOPMENT_TEAM = SV32X552V5;
				GENERATE_INFOPLIST_FILE = YES;
				IPHONEOS_DEPLOYMENT_TARGET = 16.1;
				MACOSX_DEPLOYMENT_TARGET = 12.6;
				MARKETING_VERSION = 1.0;
				PRODUCT_BUNDLE_IDENTIFIER = fit.katalyst.ExternalDisplayTestUITests;
				PRODUCT_NAME = "$(TARGET_NAME)";
				SDKROOT = auto;
				SUPPORTED_PLATFORMS = "iphoneos iphonesimulator macosx";
				SWIFT_EMIT_LOC_STRINGS = NO;
				SWIFT_VERSION = 5.0;
				TARGETED_DEVICE_FAMILY = "1,2";
				TEST_TARGET_NAME = ExternalDisplayTest;
			};
			name = Debug;
		};
		334F75192919E93B0014CAEB /* Release */ = {
			isa = XCBuildConfiguration;
			buildSettings = {
				ALWAYS_EMBED_SWIFT_STANDARD_LIBRARIES = YES;
				CODE_SIGN_STYLE = Automatic;
				CURRENT_PROJECT_VERSION = 1;
				DEVELOPMENT_TEAM = SV32X552V5;
				GENERATE_INFOPLIST_FILE = YES;
				IPHONEOS_DEPLOYMENT_TARGET = 16.1;
				MACOSX_DEPLOYMENT_TARGET = 12.6;
				MARKETING_VERSION = 1.0;
				PRODUCT_BUNDLE_IDENTIFIER = fit.katalyst.ExternalDisplayTestUITests;
				PRODUCT_NAME = "$(TARGET_NAME)";
				SDKROOT = auto;
				SUPPORTED_PLATFORMS = "iphoneos iphonesimulator macosx";
				SWIFT_EMIT_LOC_STRINGS = NO;
				SWIFT_VERSION = 5.0;
				TARGETED_DEVICE_FAMILY = "1,2";
				TEST_TARGET_NAME = ExternalDisplayTest;
			};
			name = Release;
		};
/* End XCBuildConfiguration section */

/* Begin XCConfigurationList section */
		334F74E72919E93A0014CAEB /* Build configuration list for PBXProject "ExternalDisplayTest" */ = {
			isa = XCConfigurationList;
			buildConfigurations = (
				334F750F2919E93B0014CAEB /* Debug */,
				334F75102919E93B0014CAEB /* Release */,
			);
			defaultConfigurationIsVisible = 0;
			defaultConfigurationName = Release;
		};
		334F75112919E93B0014CAEB /* Build configuration list for PBXNativeTarget "ExternalDisplayTest" */ = {
			isa = XCConfigurationList;
			buildConfigurations = (
				334F75122919E93B0014CAEB /* Debug */,
				334F75132919E93B0014CAEB /* Release */,
			);
			defaultConfigurationIsVisible = 0;
			defaultConfigurationName = Release;
		};
		334F75142919E93B0014CAEB /* Build configuration list for PBXNativeTarget "ExternalDisplayTestTests" */ = {
			isa = XCConfigurationList;
			buildConfigurations = (
				334F75152919E93B0014CAEB /* Debug */,
				334F75162919E93B0014CAEB /* Release */,
			);
			defaultConfigurationIsVisible = 0;
			defaultConfigurationName = Release;
		};
		334F75172919E93B0014CAEB /* Build configuration list for PBXNativeTarget "ExternalDisplayTestUITests" */ = {
			isa = XCConfigurationList;
			buildConfigurations = (
				334F75182919E93B0014CAEB /* Debug */,
				334F75192919E93B0014CAEB /* Release */,
			);
			defaultConfigurationIsVisible = 0;
			defaultConfigurationName = Release;
		};
/* End XCConfigurationList section */
	};
	rootObject = 334F74E42919E93A0014CAEB /* Project object */;
}
